# THIS IS AN AUTOGENERATED FILE. DO NOT EDIT THIS FILE DIRECTLY.
# yarn lockfile v1


chrome-types@^0.1.290:
  version "0.1.290"
  resolved "https://registry.yarnpkg.com/chrome-types/-/chrome-types-0.1.290.tgz#2c9a816eda67f1a55fdc1ad720f4a7fdf2f87daa"
  integrity sha512-0czsNPn2XYyi859LsgqMK+JekCPwJPDc7y8zJ6gsmai8KhSVHj1FOJ5Eh+KpOq/mW4Ukp1Bt32i4Wz1D441ukw==
